{
  "name": "node",
  "version": "1.0.0",
  "lockfileVersion": 2,
  "requires": true,
  "packages": {
    "": {
      "name": "node",
      "version": "1.0.0",
      "license": "ISC",
      "dependencies": {
        "node-pdftotext": "^1.0.4",
        "pdf-to-text": "^0.0.7",
        "pdfinfo": "^0.0.3"
      }
    },
    "node_modules/node-pdftotext": {
      "version": "1.0.4",
      "resolved": "https://registry.npmjs.org/node-pdftotext/-/node-pdftotext-1.0.4.tgz",
      "integrity": "sha512-+aVKOu08/tPkTsjfAOYEUM007h3uWqws1r6AIII9zM9FJYa/Hf6B1kIcHBvYDnEJkt0c5sumLLeI2aMcWwUx0g=="
    },
    "node_modules/pdf-to-text": {
      "version": "0.0.7",
      "resolved": "https://registry.npmjs.org/pdf-to-text/-/pdf-to-text-0.0.7.tgz",
      "integrity": "sha512-NHWB7u/9q+SZ28UtEgJYljamp61j06oldHdvGik1729pzRFLCO4igbZwm0MOUWoIQUz4nla3n+cf3Jh7uiOZwQ=="
    },
    "node_modules/pdfinfo": {
      "version": "0.0.3",
      "resolved": "https://registry.npmjs.org/pdfinfo/-/pdfinfo-0.0.3.tgz",
      "integrity": "sha512-IXtw6hI6R7HRXgiUmOGYjJgpPfK/ELBioyNadhhrbI7Lt/KWdrKChNFQ03FTGD37Kpkvt1BaWkdfu2bY+zlVIA=="
    }
  },
  "dependencies": {
    "node-pdftotext": {
      "version": "1.0.4",
      "resolved": "https://registry.npmjs.org/node-pdftotext/-/node-pdftotext-1.0.4.tgz",
      "integrity": "sha512-+aVKOu08/tPkTsjfAOYEUM007h3uWqws1r6AIII9zM9FJYa/Hf6B1kIcHBvYDnEJkt0c5sumLLeI2aMcWwUx0g=="
    },
    "pdf-to-text": {
      "version": "0.0.7",
      "resolved": "https://registry.npmjs.org/pdf-to-text/-/pdf-to-text-0.0.7.tgz",
      "integrity": "sha512-NHWB7u/9q+SZ28UtEgJYljamp61j06oldHdvGik1729pzRFLCO4igbZwm0MOUWoIQUz4nla3n+cf3Jh7uiOZwQ=="
    },
    "pdfinfo": {
      "version": "0.0.3",
      "resolved": "https://registry.npmjs.org/pdfinfo/-/pdfinfo-0.0.3.tgz",
      "integrity": "sha512-IXtw6hI6R7HRXgiUmOGYjJgpPfK/ELBioyNadhhrbI7Lt/KWdrKChNFQ03FTGD37Kpkvt1BaWkdfu2bY+zlVIA=="
    }
  }
}
